{
    "_readme": [
        "This file locks the dependencies of your project to a known state",
        "Read more about it at http://getcomposer.org/doc/01-basic-usage.md#composer-lock-the-lock-file",
        "This file is @generated automatically"
    ],
    "hash": "14831af2c6d9d223e29b0e04648b2370",
    "packages": [
        {
            "name": "zendframework/zendframework1",
            "version": "1.12.11",
            "source": {
                "type": "git",
                "url": "https://github.com/zendframework/zf1.git",
                "reference": "585b480907421b1ce734945487e7c5fc79d235f4"
            },
            "dist": {
                "type": "zip",
                "url": "https://api.github.com/repos/zendframework/zf1/zipball/585b480907421b1ce734945487e7c5fc79d235f4",
                "reference": "585b480907421b1ce734945487e7c5fc79d235f4",
                "shasum": ""
            },
            "require": {
                "php": ">=5.2.11"
            },
            "require-dev": {
                "phpunit/dbunit": "1.3.*",
                "phpunit/phpunit": "3.7.*"
            },
            "type": "library",
            "extra": {
                "branch-alias": {
                    "dev-master": "1.12.x-dev"
                }
            },
            "autoload": {
                "psr-0": {
                    "Zend_": "library/"
                }
            },
            "notification-url": "https://packagist.org/downloads/",
            "include-path": [
                "library/"
            ],
            "license": [
                "BSD-3-Clause"
            ],
            "description": "Zend Framework 1",
            "homepage": "http://framework.zend.com/",
            "keywords": [
                "ZF1",
                "framework"
            ],
            "time": "2015-02-11 15:08:45"
        }
    ],
    "packages-dev": [
        {
            "name": "spekkionu/zfdebug",
            "version": "dev-master",
            "source": {
                "type": "git",
                "url": "https://github.com/spekkionu/ZFDebug.git",
                "reference": "4c67cc3aebf723c9f7177f6ab08c1b2349ccb273"
            },
            "dist": {
                "type": "zip",
                "url": "https://api.github.com/repos/spekkionu/ZFDebug/zipball/4c67cc3aebf723c9f7177f6ab08c1b2349ccb273",
                "reference": "4c67cc3aebf723c9f7177f6ab08c1b2349ccb273",
                "shasum": ""
            },
            "type": "library",
            "autoload": {
                "classmap": [
                    "library/"
                ]
            },
            "notification-url": "https://packagist.org/downloads/",
            "license": [
                "BSD-2-Clause"
            ],
            "description": "Debug bar for Zend Framework 1",
            "time": "2015-02-05 00:44:50"
        }
    ],
    "aliases": [],
    "minimum-stability": "stable",
    "stability-flags": {
        "spekkionu/zfdebug": 20
    },
    "prefer-stable": false,
    "prefer-lowest": false,
    "platform": [],
    "platform-dev": []
}
